
Microsoft Visual Studio Solution File, Format Version 12.00
# Visual Studio Version 16
VisualStudioVersion = 16.0.30011.22
MinimumVisualStudioVersion = 10.0.40219.1
Project("{FAE04EC0-301F-11D3-BF4B-00C04F79EFBC}") = "CloudAgnosticStorageAPI", "CloudAgnosticStorageAPI.csproj", "{77D9C9BE-1A30-4483-9C97-F06E16B89D02}"
EndProject
Global
	GlobalSection(SolutionConfigurationPlatforms) = preSolution
		Debug|Any CPU = Debug|Any CPU
		Release|Any CPU = Release|Any CPU
	EndGlobalSection
	GlobalSection(ProjectConfigurationPlatforms) = postSolution
		{77D9C9BE-1A30-4483-9C97-F06E16B89D02}.Debug|Any CPU.ActiveCfg = Debug|Any CPU
		{77D9C9BE-1A30-4483-9C97-F06E16B89D02}.Debug|Any CPU.Build.0 = Debug|Any CPU
		{77D9C9BE-1A30-4483-9C97-F06E16B89D02}.Release|Any CPU.ActiveCfg = Release|Any CPU
		{77D9C9BE-1A30-4483-9C97-F06E16B89D02}.Release|Any CPU.Build.0 = Release|Any CPU
	EndGlobalSection
	GlobalSection(SolutionProperties) = preSolution
		HideSolutionNode = FALSE
	EndGlobalSection
	GlobalSection(ExtensibilityGlobals) = postSolution
		SolutionGuid = {6CD57D3B-1B1D-425C-BA15-1E64E7434E35}
	EndGlobalSection
EndGlobal
